// !$*UTF8*$!
{
	archiveVersion = 1;
	classes = {
	};
	objectVersion = 55;
	objects = {

/* Begin PBXBuildFile section */
		610A94F92864120800648A60 /* MyExpandableCollectionViewCell.swift in Sources */ = {isa = PBXBuildFile; fileRef = 610A94F82864120800648A60 /* MyExpandableCollectionViewCell.swift */; };
		610A94FC2864122500648A60 /* MyExpandableCollectionHeaderView.swift in Sources */ = {isa = PBXBuildFile; fileRef = 610A94FB2864122500648A60 /* MyExpandableCollectionHeaderView.swift */; };
		6182E8CA28596E350016EF9E /* AppDelegate.swift in Sources */ = {isa = PBXBuildFile; fileRef = 6182E8C928596E350016EF9E /* AppDelegate.swift */; };
		6182E8CC28596E350016EF9E /* SceneDelegate.swift in Sources */ = {isa = PBXBuildFile; fileRef = 6182E8CB28596E350016EF9E /* SceneDelegate.swift */; };
		6182E8CE28596E350016EF9E /* ViewController.swift in Sources */ = {isa = PBXBuildFile; fileRef = 6182E8CD28596E350016EF9E /* ViewController.swift */; };
		6182E8D128596E350016EF9E /* Main.storyboard in Resources */ = {isa = PBXBuildFile; fileRef = 6182E8CF28596E350016EF9E /* Main.storyboard */; };
		6182E8D328596E370016EF9E /* Assets.xcassets in Resources */ = {isa = PBXBuildFile; fileRef = 6182E8D228596E370016EF9E /* Assets.xcassets */; };
		6182E8D628596E370016EF9E /* LaunchScreen.storyboard in Resources */ = {isa = PBXBuildFile; fileRef = 6182E8D428596E370016EF9E /* LaunchScreen.storyboard */; };
		6182E8DE28596EDF0016EF9E /* MyExpandableCollectionView.swift in Sources */ = {isa = PBXBuildFile; fileRef = 6182E8DD28596EDF0016EF9E /* MyExpandableCollectionView.swift */; };
		C181C11EB7F2F699402F076C /* Pods_ExpandableCollectionView.framework in Frameworks */ = {isa = PBXBuildFile; fileRef = 1D866692EECE527AF55EA118 /* Pods_ExpandableCollectionView.framework */; };
/* End PBXBuildFile section */

/* Begin PBXFileReference section */
		12E8D0B4F764B0E5D84A6459 /* Pods-ExpandableCollectionView.debug.xcconfig */ = {isa = PBXFileReference; includeInIndex = 1; lastKnownFileType = text.xcconfig; name = "Pods-ExpandableCollectionView.debug.xcconfig"; path = "Target Support Files/Pods-ExpandableCollectionView/Pods-ExpandableCollectionView.debug.xcconfig"; sourceTree = "<group>"; };
		1D866692EECE527AF55EA118 /* Pods_ExpandableCollectionView.framework */ = {isa = PBXFileReference; explicitFileType = wrapper.framework; includeInIndex = 0; path = Pods_ExpandableCollectionView.framework; sourceTree = BUILT_PRODUCTS_DIR; };
		610A94F82864120800648A60 /* MyExpandableCollectionViewCell.swift */ = {isa = PBXFileReference; lastKnownFileType = sourcecode.swift; path = MyExpandableCollectionViewCell.swift; sourceTree = "<group>"; };
		610A94FB2864122500648A60 /* MyExpandableCollectionHeaderView.swift */ = {isa = PBXFileReference; lastKnownFileType = sourcecode.swift; path = MyExpandableCollectionHeaderView.swift; sourceTree = "<group>"; };
		6182E8C628596E350016EF9E /* ExpandableCollectionView.app */ = {isa = PBXFileReference; explicitFileType = wrapper.application; includeInIndex = 0; path = ExpandableCollectionView.app; sourceTree = BUILT_PRODUCTS_DIR; };
		6182E8C928596E350016EF9E /* AppDelegate.swift */ = {isa = PBXFileReference; lastKnownFileType = sourcecode.swift; path = AppDelegate.swift; sourceTree = "<group>"; };
		6182E8CB28596E350016EF9E /* SceneDelegate.swift */ = {isa = PBXFileReference; lastKnownFileType = sourcecode.swift; path = SceneDelegate.swift; sourceTree = "<group>"; };
		6182E8CD28596E350016EF9E /* ViewController.swift */ = {isa = PBXFileReference; lastKnownFileType = sourcecode.swift; path = ViewController.swift; sourceTree = "<group>"; };
		6182E8D028596E350016EF9E /* Base */ = {isa = PBXFileReference; lastKnownFileType = file.storyboard; name = Base; path = Base.lproj/Main.storyboard; sourceTree = "<group>"; };
		6182E8D228596E370016EF9E /* Assets.xcassets */ = {isa = PBXFileReference; lastKnownFileType = folder.assetcatalog; path = Assets.xcassets; sourceTree = "<group>"; };
		6182E8D528596E370016EF9E /* Base */ = {isa = PBXFileReference; lastKnownFileType = file.storyboard; name = Base; path = Base.lproj/LaunchScreen.storyboard; sourceTree = "<group>"; };
		6182E8D728596E370016EF9E /* Info.plist */ = {isa = PBXFileReference; lastKnownFileType = text.plist.xml; path = Info.plist; sourceTree = "<group>"; };
		6182E8DD28596EDF0016EF9E /* MyExpandableCollectionView.swift */ = {isa = PBXFileReference; lastKnownFileType = sourcecode.swift; path = MyExpandableCollectionView.swift; sourceTree = "<group>"; };
		FDB65287463E885C509C85C6 /* Pods-ExpandableCollectionView.release.xcconfig */ = {isa = PBXFileReference; includeInIndex = 1; lastKnownFileType = text.xcconfig; name = "Pods-ExpandableCollectionView.release.xcconfig"; path = "Target Support Files/Pods-ExpandableCollectionView/Pods-ExpandableCollectionView.release.xcconfig"; sourceTree = "<group>"; };
/* End PBXFileReference section */

/* Begin PBXFrameworksBuildPhase section */
		6182E8C328596E350016EF9E /* Frameworks */ = {
			isa = PBXFrameworksBuildPhase;
			buildActionMask = 2147483647;
			files = (
				C181C11EB7F2F699402F076C /* Pods_ExpandableCollectionView.framework in Frameworks */,
			);
			runOnlyForDeploymentPostprocessing = 0;
		};
/* End PBXFrameworksBuildPhase section */

/* Begin PBXGroup section */
		610A94FA2864121500648A60 /* UI */ = {
			isa = PBXGroup;
			children = (
				6182E8DD28596EDF0016EF9E /* MyExpandableCollectionView.swift */,
				610A94F82864120800648A60 /* MyExpandableCollectionViewCell.swift */,
				610A94FB2864122500648A60 /* MyExpandableCollectionHeaderView.swift */,
			);
			path = UI;
			sourceTree = "<group>";
		};
		6182E8BD28596E350016EF9E = {
			isa = PBXGroup;
			children = (
				6182E8C828596E350016EF9E /* ExpandableCollectionView */,
				6182E8C728596E350016EF9E /* Products */,
				B97634CDA503A169ADF887D8 /* Pods */,
				AD5C59575C4D0D3940E14A07 /* Frameworks */,
			);
			sourceTree = "<group>";
		};
		6182E8C728596E350016EF9E /* Products */ = {
			isa = PBXGroup;
			children = (
				6182E8C628596E350016EF9E /* ExpandableCollectionView.app */,
			);
			name = Products;
			sourceTree = "<group>";
		};
		6182E8C828596E350016EF9E /* ExpandableCollectionView */ = {
			isa = PBXGroup;
			children = (
				610A94FA2864121500648A60 /* UI */,
				6182E8C928596E350016EF9E /* AppDelegate.swift */,
				6182E8D228596E370016EF9E /* Assets.xcassets */,
				6182E8D728596E370016EF9E /* Info.plist */,
				6182E8D428596E370016EF9E /* LaunchScreen.storyboard */,
				6182E8CF28596E350016EF9E /* Main.storyboard */,
				6182E8CB28596E350016EF9E /* SceneDelegate.swift */,
				6182E8CD28596E350016EF9E /* ViewController.swift */,
			);
			path = ExpandableCollectionView;
			sourceTree = "<group>";
		};
		AD5C59575C4D0D3940E14A07 /* Frameworks */ = {
			isa = PBXGroup;
			children = (
				1D866692EECE527AF55EA118 /* Pods_ExpandableCollectionView.framework */,
			);
			name = Frameworks;
			sourceTree = "<group>";
		};
		B97634CDA503A169ADF887D8 /* Pods */ = {
			isa = PBXGroup;
			children = (
				12E8D0B4F764B0E5D84A6459 /* Pods-ExpandableCollectionView.debug.xcconfig */,
				FDB65287463E885C509C85C6 /* Pods-ExpandableCollectionView.release.xcconfig */,
			);
			path = Pods;
			sourceTree = "<group>";
		};
/* End PBXGroup section */

/* Begin PBXNativeTarget section */
		6182E8C528596E350016EF9E /* ExpandableCollectionView */ = {
			isa = PBXNativeTarget;
			buildConfigurationList = 6182E8DA28596E370016EF9E /* Build configuration list for PBXNativeTarget "ExpandableCollectionView" */;
			buildPhases = (
				FA25C4D121B268FDD88A23E3 /* [CP] Check Pods Manifest.lock */,
				6182E8C228596E350016EF9E /* Sources */,
				6182E8C328596E350016EF9E /* Frameworks */,
				6182E8C428596E350016EF9E /* Resources */,
				6A6EFECCEE7C17C53C4CA2A0 /* [CP] Embed Pods Frameworks */,
			);
			buildRules = (
			);
			dependencies = (
			);
			name = ExpandableCollectionView;
			productName = ExpandableCollectionView;
			productReference = 6182E8C628596E350016EF9E /* ExpandableCollectionView.app */;
			productType = "com.apple.product-type.application";
		};
/* End PBXNativeTarget section */

/* Begin PBXProject section */
		6182E8BE28596E350016EF9E /* Project object */ = {
			isa = PBXProject;
			attributes = {
				BuildIndependentTargetsInParallel = 1;
				LastSwiftUpdateCheck = 1340;
				LastUpgradeCheck = 1340;
				TargetAttributes = {
					6182E8C528596E350016EF9E = {
						CreatedOnToolsVersion = 13.4.1;
					};
				};
			};
			buildConfigurationList = 6182E8C128596E350016EF9E /* Build configuration list for PBXProject "ExpandableCollectionView" */;
			compatibilityVersion = "Xcode 13.0";
			developmentRegion = en;
			hasScannedForEncodings = 0;
			knownRegions = (
				en,
				Base,
			);
			mainGroup = 6182E8BD28596E350016EF9E;
			productRefGroup = 6182E8C728596E350016EF9E /* Products */;
			projectDirPath = "";
			projectRoot = "";
			targets = (
				6182E8C528596E350016EF9E /* ExpandableCollectionView */,
			);
		};
/* End PBXProject section */

/* Begin PBXResourcesBuildPhase section */
		6182E8C428596E350016EF9E /* Resources */ = {
			isa = PBXResourcesBuildPhase;
			buildActionMask = 2147483647;
			files = (
				6182E8D628596E370016EF9E /* LaunchScreen.storyboard in Resources */,
				6182E8D328596E370016EF9E /* Assets.xcassets in Resources */,
				6182E8D128596E350016EF9E /* Main.storyboard in Resources */,
			);
			runOnlyForDeploymentPostprocessing = 0;
		};
/* End PBXResourcesBuildPhase section */

/* Begin PBXShellScriptBuildPhase section */
		6A6EFECCEE7C17C53C4CA2A0 /* [CP] Embed Pods Frameworks */ = {
			isa = PBXShellScriptBuildPhase;
			buildActionMask = 2147483647;
			files = (
			);
			inputFileListPaths = (
				"${PODS_ROOT}/Target Support Files/Pods-ExpandableCollectionView/Pods-ExpandableCollectionView-frameworks-${CONFIGURATION}-input-files.xcfilelist",
			);
			name = "[CP] Embed Pods Frameworks";
			outputFileListPaths = (
				"${PODS_ROOT}/Target Support Files/Pods-ExpandableCollectionView/Pods-ExpandableCollectionView-frameworks-${CONFIGURATION}-output-files.xcfilelist",
			);
			runOnlyForDeploymentPostprocessing = 0;
			shellPath = /bin/sh;
			shellScript = "\"${PODS_ROOT}/Target Support Files/Pods-ExpandableCollectionView/Pods-ExpandableCollectionView-frameworks.sh\"\n";
			showEnvVarsInLog = 0;
		};
		FA25C4D121B268FDD88A23E3 /* [CP] Check Pods Manifest.lock */ = {
			isa = PBXShellScriptBuildPhase;
			buildActionMask = 2147483647;
			files = (
			);
			inputFileListPaths = (
			);
			inputPaths = (
				"${PODS_PODFILE_DIR_PATH}/Podfile.lock",
				"${PODS_ROOT}/Manifest.lock",
			);
			name = "[CP] Check Pods Manifest.lock";
			outputFileListPaths = (
			);
			outputPaths = (
				"$(DERIVED_FILE_DIR)/Pods-ExpandableCollectionView-checkManifestLockResult.txt",
			);
			runOnlyForDeploymentPostprocessing = 0;
			shellPath = /bin/sh;
			shellScript = "diff \"${PODS_PODFILE_DIR_PATH}/Podfile.lock\" \"${PODS_ROOT}/Manifest.lock\" > /dev/null\nif [ $? != 0 ] ; then\n    # print error to STDERR\n    echo \"error: The sandbox is not in sync with the Podfile.lock. Run 'pod install' or update your CocoaPods installation.\" >&2\n    exit 1\nfi\n# This output is used by Xcode 'outputs' to avoid re-running this script phase.\necho \"SUCCESS\" > \"${SCRIPT_OUTPUT_FILE_0}\"\n";
			showEnvVarsInLog = 0;
		};
/* End PBXShellScriptBuildPhase section */

/* Begin PBXSourcesBuildPhase section */
		6182E8C228596E350016EF9E /* Sources */ = {
			isa = PBXSourcesBuildPhase;
			buildActionMask = 2147483647;
			files = (
				610A94F92864120800648A60 /* MyExpandableCollectionViewCell.swift in Sources */,
				610A94FC2864122500648A60 /* MyExpandableCollectionHeaderView.swift in Sources */,
				6182E8CE28596E350016EF9E /* ViewController.swift in Sources */,
				6182E8DE28596EDF0016EF9E /* MyExpandableCollectionView.swift in Sources */,
				6182E8CA28596E350016EF9E /* AppDelegate.swift in Sources */,
				6182E8CC28596E350016EF9E /* SceneDelegate.swift in Sources */,
			);
			runOnlyForDeploymentPostprocessing = 0;
		};
/* End PBXSourcesBuildPhase section */

/* Begin PBXVariantGroup section */
		6182E8CF28596E350016EF9E /* Main.storyboard */ = {
			isa = PBXVariantGroup;
			children = (
				6182E8D028596E350016EF9E /* Base */,
			);
			name = Main.storyboard;
			sourceTree = "<group>";
		};
		6182E8D428596E370016EF9E /* LaunchScreen.storyboard */ = {
			isa = PBXVariantGroup;
			children = (
				6182E8D528596E370016EF9E /* Base */,
			);
			name = LaunchScreen.storyboard;
			sourceTree = "<group>";
		};
/* End PBXVariantGroup section */

/* Begin XCBuildConfiguration section */
		6182E8D828596E370016EF9E /* Debug */ = {
			isa = XCBuildConfiguration;
			buildSettings = {
				ALWAYS_SEARCH_USER_PATHS = NO;
				CLANG_ANALYZER_NONNULL = YES;
				CLANG_ANALYZER_NUMBER_OBJECT_CONVERSION = YES_AGGRESSIVE;
				CLANG_CXX_LANGUAGE_STANDARD = "gnu++17";
				CLANG_ENABLE_MODULES = YES;
				CLANG_ENABLE_OBJC_ARC = YES;
				CLANG_ENABLE_OBJC_WEAK = YES;
				CLANG_WARN_BLOCK_CAPTURE_AUTORELEASING = YES;
				CLANG_WARN_BOOL_CONVERSION = YES;
				CLANG_WARN_COMMA = YES;
				CLANG_WARN_CONSTANT_CONVERSION = YES;
				CLANG_WARN_DEPRECATED_OBJC_IMPLEMENTATIONS = YES;
				CLANG_WARN_DIRECT_OBJC_ISA_USAGE = YES_ERROR;
				CLANG_WARN_DOCUMENTATION_COMMENTS = YES;
				CLANG_WARN_EMPTY_BODY = YES;
				CLANG_WARN_ENUM_CONVERSION = YES;
				CLANG_WARN_INFINITE_RECURSION = YES;
				CLANG_WARN_INT_CONVERSION = YES;
				CLANG_WARN_NON_LITERAL_NULL_CONVERSION = YES;
				CLANG_WARN_OBJC_IMPLICIT_RETAIN_SELF = YES;
				CLANG_WARN_OBJC_LITERAL_CONVERSION = YES;
				CLANG_WARN_OBJC_ROOT_CLASS = YES_ERROR;
				CLANG_WARN_QUOTED_INCLUDE_IN_FRAMEWORK_HEADER = YES;
				CLANG_WARN_RANGE_LOOP_ANALYSIS = YES;
				CLANG_WARN_STRICT_PROTOTYPES = YES;
				CLANG_WARN_SUSPICIOUS_MOVE = YES;
				CLANG_WARN_UNGUARDED_AVAILABILITY = YES_AGGRESSIVE;
				CLANG_WARN_UNREACHABLE_CODE = YES;
				CLANG_WARN__DUPLICATE_METHOD_MATCH = YES;
				COPY_PHASE_STRIP = NO;
				DEBUG_INFORMATION_FORMAT = dwarf;
				ENABLE_STRICT_OBJC_MSGSEND = YES;
				ENABLE_TESTABILITY = YES;
				GCC_C_LANGUAGE_STANDARD = gnu11;
				GCC_DYNAMIC_NO_PIC = NO;
				GCC_NO_COMMON_BLOCKS = YES;
				GCC_OPTIMIZATION_LEVEL = 0;
				GCC_PREPROCESSOR_DEFINITIONS = (
					"DEBUG=1",
					"$(inherited)",
				);
				GCC_WARN_64_TO_32_BIT_CONVERSION = YES;
				GCC_WARN_ABOUT_RETURN_TYPE = YES_ERROR;
				GCC_WARN_UNDECLARED_SELECTOR = YES;
				GCC_WARN_UNINITIALIZED_AUTOS = YES_AGGRESSIVE;
				GCC_WARN_UNUSED_FUNCTION = YES;
				GCC_WARN_UNUSED_VARIABLE = YES;
				IPHONEOS_DEPLOYMENT_TARGET = 15.5;
				MTL_ENABLE_DEBUG_INFO = INCLUDE_SOURCE;
				MTL_FAST_MATH = YES;
				ONLY_ACTIVE_ARCH = YES;
				SDKROOT = iphoneos;
				SWIFT_ACTIVE_COMPILATION_CONDITIONS = DEBUG;
				SWIFT_OPTIMIZATION_LEVEL = "-Onone";
			};
			name = Debug;
		};
		6182E8D928596E370016EF9E /* Release */ = {
			isa = XCBuildConfiguration;
			buildSettings = {
				ALWAYS_SEARCH_USER_PATHS = NO;
				CLANG_ANALYZER_NONNULL = YES;
				CLANG_ANALYZER_NUMBER_OBJECT_CONVERSION = YES_AGGRESSIVE;
				CLANG_CXX_LANGUAGE_STANDARD = "gnu++17";
				CLANG_ENABLE_MODULES = YES;
				CLANG_ENABLE_OBJC_ARC = YES;
				CLANG_ENABLE_OBJC_WEAK = YES;
				CLANG_WARN_BLOCK_CAPTURE_AUTORELEASING = YES;
				CLANG_WARN_BOOL_CONVERSION = YES;
				CLANG_WARN_COMMA = YES;
				CLANG_WARN_CONSTANT_CONVERSION = YES;
				CLANG_WARN_DEPRECATED_OBJC_IMPLEMENTATIONS = YES;
				CLANG_WARN_DIRECT_OBJC_ISA_USAGE = YES_ERROR;
				CLANG_WARN_DOCUMENTATION_COMMENTS = YES;
				CLANG_WARN_EMPTY_BODY = YES;
				CLANG_WARN_ENUM_CONVERSION = YES;
				CLANG_WARN_INFINITE_RECURSION = YES;
				CLANG_WARN_INT_CONVERSION = YES;
				CLANG_WARN_NON_LITERAL_NULL_CONVERSION = YES;
				CLANG_WARN_OBJC_IMPLICIT_RETAIN_SELF = YES;
				CLANG_WARN_OBJC_LITERAL_CONVERSION = YES;
				CLANG_WARN_OBJC_ROOT_CLASS = YES_ERROR;
				CLANG_WARN_QUOTED_INCLUDE_IN_FRAMEWORK_HEADER = YES;
				CLANG_WARN_RANGE_LOOP_ANALYSIS = YES;
				CLANG_WARN_STRICT_PROTOTYPES = YES;
				CLANG_WARN_SUSPICIOUS_MOVE = YES;
				CLANG_WARN_UNGUARDED_AVAILABILITY = YES_AGGRESSIVE;
				CLANG_WARN_UNREACHABLE_CODE = YES;
				CLANG_WARN__DUPLICATE_METHOD_MATCH = YES;
				COPY_PHASE_STRIP = NO;
				DEBUG_INFORMATION_FORMAT = "dwarf-with-dsym";
				ENABLE_NS_ASSERTIONS = NO;
				ENABLE_STRICT_OBJC_MSGSEND = YES;
				GCC_C_LANGUAGE_STANDARD = gnu11;
				GCC_NO_COMMON_BLOCKS = YES;
				GCC_WARN_64_TO_32_BIT_CONVERSION = YES;
				GCC_WARN_ABOUT_RETURN_TYPE = YES_ERROR;
				GCC_WARN_UNDECLARED_SELECTOR = YES;
				GCC_WARN_UNINITIALIZED_AUTOS = YES_AGGRESSIVE;
				GCC_WARN_UNUSED_FUNCTION = YES;
				GCC_WARN_UNUSED_VARIABLE = YES;
				IPHONEOS_DEPLOYMENT_TARGET = 15.5;
				MTL_ENABLE_DEBUG_INFO = NO;
				MTL_FAST_MATH = YES;
				SDKROOT = iphoneos;
				SWIFT_COMPILATION_MODE = wholemodule;
				SWIFT_OPTIMIZATION_LEVEL = "-O";
				VALIDATE_PRODUCT = YES;
			};
			name = Release;
		};
		6182E8DB28596E370016EF9E /* Debug */ = {
			isa = XCBuildConfiguration;
			baseConfigurationReference = 12E8D0B4F764B0E5D84A6459 /* Pods-ExpandableCollectionView.debug.xcconfig */;
			buildSettings = {
				ASSETCATALOG_COMPILER_APPICON_NAME = AppIcon;
				ASSETCATALOG_COMPILER_GLOBAL_ACCENT_COLOR_NAME = AccentColor;
				CODE_SIGN_STYLE = Automatic;
				CURRENT_PROJECT_VERSION = 1;
				DEVELOPMENT_TEAM = J7MRQB8GUG;
				GENERATE_INFOPLIST_FILE = YES;
				INFOPLIST_FILE = ExpandableCollectionView/Info.plist;
				INFOPLIST_KEY_UIApplicationSupportsIndirectInputEvents = YES;
				INFOPLIST_KEY_UILaunchStoryboardName = LaunchScreen;
				INFOPLIST_KEY_UIMainStoryboardFile = Main;
				INFOPLIST_KEY_UISupportedInterfaceOrientations_iPad = "UIInterfaceOrientationPortrait UIInterfaceOrientationPortraitUpsideDown UIInterfaceOrientationLandscapeLeft UIInterfaceOrientationLandscapeRight";
				INFOPLIST_KEY_UISupportedInterfaceOrientations_iPhone = "UIInterfaceOrientationPortrait UIInterfaceOrientationLandscapeLeft UIInterfaceOrientationLandscapeRight";
				LD_RUNPATH_SEARCH_PATHS = (
					"$(inherited)",
					"@executable_path/Frameworks",
				);
				MARKETING_VERSION = 1.0;
				PRODUCT_BUNDLE_IDENTIFIER = com.zero.ExpandableCollectionView;
				PRODUCT_NAME = "$(TARGET_NAME)";
				SWIFT_EMIT_LOC_STRINGS = YES;
				SWIFT_VERSION = 5.0;
				TARGETED_DEVICE_FAMILY = "1,2";
			};
			name = Debug;
		};
		6182E8DC28596E370016EF9E /* Release */ = {
			isa = XCBuildConfiguration;
			baseConfigurationReference = FDB65287463E885C509C85C6 /* Pods-ExpandableCollectionView.release.xcconfig */;
			buildSettings = {
				ASSETCATALOG_COMPILER_APPICON_NAME = AppIcon;
				ASSETCATALOG_COMPILER_GLOBAL_ACCENT_COLOR_NAME = AccentColor;
				CODE_SIGN_STYLE = Automatic;
				CURRENT_PROJECT_VERSION = 1;
				DEVELOPMENT_TEAM = J7MRQB8GUG;
				GENERATE_INFOPLIST_FILE = YES;
				INFOPLIST_FILE = ExpandableCollectionView/Info.plist;
				INFOPLIST_KEY_UIApplicationSupportsIndirectInputEvents = YES;
				INFOPLIST_KEY_UILaunchStoryboardName = LaunchScreen;
				INFOPLIST_KEY_UIMainStoryboardFile = Main;
				INFOPLIST_KEY_UISupportedInterfaceOrientations_iPad = "UIInterfaceOrientationPortrait UIInterfaceOrientationPortraitUpsideDown UIInterfaceOrientationLandscapeLeft UIInterfaceOrientationLandscapeRight";
				INFOPLIST_KEY_UISupportedInterfaceOrientations_iPhone = "UIInterfaceOrientationPortrait UIInterfaceOrientationLandscapeLeft UIInterfaceOrientationLandscapeRight";
				LD_RUNPATH_SEARCH_PATHS = (
					"$(inherited)",
					"@executable_path/Frameworks",
				);
				MARKETING_VERSION = 1.0;
				PRODUCT_BUNDLE_IDENTIFIER = com.zero.ExpandableCollectionView;
				PRODUCT_NAME = "$(TARGET_NAME)";
				SWIFT_EMIT_LOC_STRINGS = YES;
				SWIFT_VERSION = 5.0;
				TARGETED_DEVICE_FAMILY = "1,2";
			};
			name = Release;
		};
/* End XCBuildConfiguration section */

/* Begin XCConfigurationList section */
		6182E8C128596E350016EF9E /* Build configuration list for PBXProject "ExpandableCollectionView" */ = {
			isa = XCConfigurationList;
			buildConfigurations = (
				6182E8D828596E370016EF9E /* Debug */,
				6182E8D928596E370016EF9E /* Release */,
			);
			defaultConfigurationIsVisible = 0;
			defaultConfigurationName = Release;
		};
		6182E8DA28596E370016EF9E /* Build configuration list for PBXNativeTarget "ExpandableCollectionView" */ = {
			isa = XCConfigurationList;
			buildConfigurations = (
				6182E8DB28596E370016EF9E /* Debug */,
				6182E8DC28596E370016EF9E /* Release */,
			);
			defaultConfigurationIsVisible = 0;
			defaultConfigurationName = Release;
		};
/* End XCConfigurationList section */
	};
	rootObject = 6182E8BE28596E350016EF9E /* Project object */;
}
